// !$*UTF8*$!
{
	archiveVersion = 1;
	classes = {
	};
	objectVersion = 51;
	objects = {

/* Begin PBXBuildFile section */
		8A56DC99D9DDBA0C94B9EEDC /* Pods_StashTakeHome.framework in Frameworks */ = {isa = PBXBuildFile; fileRef = 050B0353FF62F12AA53F97DD /* Pods_StashTakeHome.framework */; };
		E90FA67C2428418700581093 /* AchievementListCollectionViewCell.swift in Sources */ = {isa = PBXBuildFile; fileRef = E90FA67B2428418700581093 /* AchievementListCollectionViewCell.swift */; };
		E90FA67E2428424F00581093 /* ProgressBarView.swift in Sources */ = {isa = PBXBuildFile; fileRef = E90FA67D2428424F00581093 /* ProgressBarView.swift */; };
		E90FA68124284DA100581093 /* ArrayExtension.swift in Sources */ = {isa = PBXBuildFile; fileRef = E90FA68024284DA100581093 /* ArrayExtension.swift */; };
		E90FA68424284EA100581093 /* AchievementsListViewRouter.swift in Sources */ = {isa = PBXBuildFile; fileRef = E90FA68324284EA100581093 /* AchievementsListViewRouter.swift */; };
		E90FA6892428503F00581093 /* AchievementsListPresenter.swift in Sources */ = {isa = PBXBuildFile; fileRef = E90FA6882428503F00581093 /* AchievementsListPresenter.swift */; };
		E90FA68B2428647D00581093 /* UIColorExtension.swift in Sources */ = {isa = PBXBuildFile; fileRef = E90FA68A2428647D00581093 /* UIColorExtension.swift */; };
		E90FA68F2428728800581093 /* AchievementsListPresenterTests.swift in Sources */ = {isa = PBXBuildFile; fileRef = E90FA68E2428728800581093 /* AchievementsListPresenterTests.swift */; };
		E90FA6932428735A00581093 /* AchievementsListViewProtocolMock.swift in Sources */ = {isa = PBXBuildFile; fileRef = E90FA6922428735A00581093 /* AchievementsListViewProtocolMock.swift */; };
		E90FA6952428741700581093 /* AchievementsListInteractorInputProtocolMock.swift in Sources */ = {isa = PBXBuildFile; fileRef = E90FA6942428741700581093 /* AchievementsListInteractorInputProtocolMock.swift */; };
		E90FA6982428747D00581093 /* AchievementsListRouterProtocolMock.swift in Sources */ = {isa = PBXBuildFile; fileRef = E90FA6972428747D00581093 /* AchievementsListRouterProtocolMock.swift */; };
		E90FA69B2428DDC200581093 /* Lato-Regular.ttf in Resources */ = {isa = PBXBuildFile; fileRef = E90FA69A2428DDA000581093 /* Lato-Regular.ttf */; };
		E90FA69D2428DDD700581093 /* UIFontExtension.swift in Sources */ = {isa = PBXBuildFile; fileRef = E90FA69C2428DDD700581093 /* UIFontExtension.swift */; };
		E90FA6A12428F9AA00581093 /* Global Constants.swift in Sources */ = {isa = PBXBuildFile; fileRef = E90FA6A02428F9AA00581093 /* Global Constants.swift */; };
		E90FA6A32428FA2E00581093 /* NumberExtensions.swift in Sources */ = {isa = PBXBuildFile; fileRef = E90FA6A22428FA2E00581093 /* NumberExtensions.swift */; };
		E90FA6B024290CAC00581093 /* AchievementsListViewControllerTests.swift in Sources */ = {isa = PBXBuildFile; fileRef = E90FA6AF24290CAC00581093 /* AchievementsListViewControllerTests.swift */; };
		E90FA6B224290CBB00581093 /* UICollectionViewMock.swift in Sources */ = {isa = PBXBuildFile; fileRef = E90FA6B124290CBB00581093 /* UICollectionViewMock.swift */; };
		E95AAAF12427F575009E3E8A /* AppDelegate.swift in Sources */ = {isa = PBXBuildFile; fileRef = E95AAAF02427F575009E3E8A /* AppDelegate.swift */; };
		E95AAAF32427F575009E3E8A /* SceneDelegate.swift in Sources */ = {isa = PBXBuildFile; fileRef = E95AAAF22427F575009E3E8A /* SceneDelegate.swift */; };
		E95AAAF82427F575009E3E8A /* Main.storyboard in Resources */ = {isa = PBXBuildFile; fileRef = E95AAAF62427F575009E3E8A /* Main.storyboard */; };
		E95AAAFA2427F577009E3E8A /* Assets.xcassets in Resources */ = {isa = PBXBuildFile; fileRef = E95AAAF92427F576009E3E8A /* Assets.xcassets */; };
		E95AAAFD2427F577009E3E8A /* LaunchScreen.storyboard in Resources */ = {isa = PBXBuildFile; fileRef = E95AAAFB2427F577009E3E8A /* LaunchScreen.storyboard */; };
		E95AAB152427F646009E3E8A /* achievements.json in Resources */ = {isa = PBXBuildFile; fileRef = E95AAB142427F646009E3E8A /* achievements.json */; };
		E95AAB182427F6AD009E3E8A /* Protocols.swift in Sources */ = {isa = PBXBuildFile; fileRef = E95AAB172427F6AD009E3E8A /* Protocols.swift */; };
		E95AAB1B2427F709009E3E8A /* Achievement.swift in Sources */ = {isa = PBXBuildFile; fileRef = E95AAB1A2427F709009E3E8A /* Achievement.swift */; };
		E95AAB1E2427FBA9009E3E8A /* AchievementListInteractor.swift in Sources */ = {isa = PBXBuildFile; fileRef = E95AAB1D2427FBA9009E3E8A /* AchievementListInteractor.swift */; };
		E95AAB202427FF5A009E3E8A /* AchievementListDataManager.swift in Sources */ = {isa = PBXBuildFile; fileRef = E95AAB1F2427FF5A009E3E8A /* AchievementListDataManager.swift */; };
		E95AAB2224280563009E3E8A /* AchievementListResponse.swift in Sources */ = {isa = PBXBuildFile; fileRef = E95AAB2124280563009E3E8A /* AchievementListResponse.swift */; };
		E95AAB2424280780009E3E8A /* HTTPStatus.swift in Sources */ = {isa = PBXBuildFile; fileRef = E95AAB2324280780009E3E8A /* HTTPStatus.swift */; };
		E9B626092429140C0061774B /* AchievementsListPresenterMock.swift in Sources */ = {isa = PBXBuildFile; fileRef = E9B626082429140C0061774B /* AchievementsListPresenterMock.swift */; };
		E9B6260C242917B60061774B /* AchievementListCollectionViewCellMock.swift in Sources */ = {isa = PBXBuildFile; fileRef = E9B6260B242917B60061774B /* AchievementListCollectionViewCellMock.swift */; };
		E9B6260E24291BB10061774B /* AchievementListCollectionViewCellTests.swift in Sources */ = {isa = PBXBuildFile; fileRef = E9B6260D24291BB10061774B /* AchievementListCollectionViewCellTests.swift */; };
		E9B6261024291C130061774B /* UIImageViewMock.swift in Sources */ = {isa = PBXBuildFile; fileRef = E9B6260F24291C130061774B /* UIImageViewMock.swift */; };
		E9B6261424291C930061774B /* ProgressBarViewMock.swift in Sources */ = {isa = PBXBuildFile; fileRef = E9B6261324291C930061774B /* ProgressBarViewMock.swift */; };
		E9B6261924292FDA0061774B /* Lato-Bold.ttf in Resources */ = {isa = PBXBuildFile; fileRef = E9B6261824292FDA0061774B /* Lato-Bold.ttf */; };
		E9B6261C2429353D0061774B /* LightStatusBarUINavigationController.swift in Sources */ = {isa = PBXBuildFile; fileRef = E9B6261B2429353D0061774B /* LightStatusBarUINavigationController.swift */; };
		E9B6261E242972170061774B /* NoAchievementsFoundView.swift in Sources */ = {isa = PBXBuildFile; fileRef = E9B6261D242972170061774B /* NoAchievementsFoundView.swift */; };
		E9E9274324280CE500989CB5 /* AchievementsListViewController.swift in Sources */ = {isa = PBXBuildFile; fileRef = E9E9274224280CE500989CB5 /* AchievementsListViewController.swift */; };
		E9E9275324280DD800989CB5 /* AchievementListDataManagerTests.swift in Sources */ = {isa = PBXBuildFile; fileRef = E9E9275224280DD800989CB5 /* AchievementListDataManagerTests.swift */; };
		E9E9275824280ECF00989CB5 /* JSONDecoderMock.swift in Sources */ = {isa = PBXBuildFile; fileRef = E9E9275724280ECF00989CB5 /* JSONDecoderMock.swift */; };
		E9E92760242825CF00989CB5 /* achievements.json in Resources */ = {isa = PBXBuildFile; fileRef = E95AAB142427F646009E3E8A /* achievements.json */; };
		E9EC46F4242827E300CD6D44 /* malformed_achievements.json in Resources */ = {isa = PBXBuildFile; fileRef = E9EC46F3242827E300CD6D44 /* malformed_achievements.json */; };
		E9EC46FA24282C0D00CD6D44 /* TestHelper.swift in Sources */ = {isa = PBXBuildFile; fileRef = E9EC46F924282C0D00CD6D44 /* TestHelper.swift */; };
		E9EC46FC2428369900CD6D44 /* AchievementListInteractorTests.swift in Sources */ = {isa = PBXBuildFile; fileRef = E9EC46FB2428369900CD6D44 /* AchievementListInteractorTests.swift */; };
		E9EC46FE242836E200CD6D44 /* AchievementListDataManagerMock.swift in Sources */ = {isa = PBXBuildFile; fileRef = E9EC46FD242836E200CD6D44 /* AchievementListDataManagerMock.swift */; };
		E9EC47002428377000CD6D44 /* AchievementsListInteractorOutputProtocolMock.swift in Sources */ = {isa = PBXBuildFile; fileRef = E9EC46FF2428377000CD6D44 /* AchievementsListInteractorOutputProtocolMock.swift */; };
		FA47AEBABB8C2A5DC562F6D3 /* Pods_StashTakeHomeTests.framework in Frameworks */ = {isa = PBXBuildFile; fileRef = A566A36FEFD37D425C590332 /* Pods_StashTakeHomeTests.framework */; };
/* End PBXBuildFile section */

/* Begin PBXContainerItemProxy section */
		E9E9274D24280D8500989CB5 /* PBXContainerItemProxy */ = {
			isa = PBXContainerItemProxy;
			containerPortal = E95AAAE52427F575009E3E8A /* Project object */;
			proxyType = 1;
			remoteGlobalIDString = E95AAAEC2427F575009E3E8A;
			remoteInfo = StashTakeHome;
		};
/* End PBXContainerItemProxy section */

/* Begin PBXFileReference section */
		0420C3DC54B5976C6A7FC36A /* Pods-StashTakeHome.debug.xcconfig */ = {isa = PBXFileReference; includeInIndex = 1; lastKnownFileType = text.xcconfig; name = "Pods-StashTakeHome.debug.xcconfig"; path = "Target Support Files/Pods-StashTakeHome/Pods-StashTakeHome.debug.xcconfig"; sourceTree = "<group>"; };
		050B0353FF62F12AA53F97DD /* Pods_StashTakeHome.framework */ = {isa = PBXFileReference; explicitFileType = wrapper.framework; includeInIndex = 0; path = Pods_StashTakeHome.framework; sourceTree = BUILT_PRODUCTS_DIR; };
		7375CD406BDF41102E7A7C2E /* Pods-StashTakeHomeTests.release.xcconfig */ = {isa = PBXFileReference; includeInIndex = 1; lastKnownFileType = text.xcconfig; name = "Pods-StashTakeHomeTests.release.xcconfig"; path = "Target Support Files/Pods-StashTakeHomeTests/Pods-StashTakeHomeTests.release.xcconfig"; sourceTree = "<group>"; };
		9D26CBC1AF7A519EB7FDE179 /* Pods-StashTakeHome.release.xcconfig */ = {isa = PBXFileReference; includeInIndex = 1; lastKnownFileType = text.xcconfig; name = "Pods-StashTakeHome.release.xcconfig"; path = "Target Support Files/Pods-StashTakeHome/Pods-StashTakeHome.release.xcconfig"; sourceTree = "<group>"; };
		A566A36FEFD37D425C590332 /* Pods_StashTakeHomeTests.framework */ = {isa = PBXFileReference; explicitFileType = wrapper.framework; includeInIndex = 0; path = Pods_StashTakeHomeTests.framework; sourceTree = BUILT_PRODUCTS_DIR; };
		E8DB49B229ADF46A21B63D26 /* Pods-StashTakeHomeTests.debug.xcconfig */ = {isa = PBXFileReference; includeInIndex = 1; lastKnownFileType = text.xcconfig; name = "Pods-StashTakeHomeTests.debug.xcconfig"; path = "Target Support Files/Pods-StashTakeHomeTests/Pods-StashTakeHomeTests.debug.xcconfig"; sourceTree = "<group>"; };
		E90FA67B2428418700581093 /* AchievementListCollectionViewCell.swift */ = {isa = PBXFileReference; lastKnownFileType = sourcecode.swift; path = AchievementListCollectionViewCell.swift; sourceTree = "<group>"; };
		E90FA67D2428424F00581093 /* ProgressBarView.swift */ = {isa = PBXFileReference; lastKnownFileType = sourcecode.swift; path = ProgressBarView.swift; sourceTree = "<group>"; };
		E90FA68024284DA100581093 /* ArrayExtension.swift */ = {isa = PBXFileReference; lastKnownFileType = sourcecode.swift; path = ArrayExtension.swift; sourceTree = "<group>"; };
		E90FA68324284EA100581093 /* AchievementsListViewRouter.swift */ = {isa = PBXFileReference; lastKnownFileType = sourcecode.swift; path = AchievementsListViewRouter.swift; sourceTree = "<group>"; };
		E90FA6882428503F00581093 /* AchievementsListPresenter.swift */ = {isa = PBXFileReference; lastKnownFileType = sourcecode.swift; path = AchievementsListPresenter.swift; sourceTree = "<group>"; };
		E90FA68A2428647D00581093 /* UIColorExtension.swift */ = {isa = PBXFileReference; lastKnownFileType = sourcecode.swift; path = UIColorExtension.swift; sourceTree = "<group>"; };
		E90FA68E2428728800581093 /* AchievementsListPresenterTests.swift */ = {isa = PBXFileReference; lastKnownFileType = sourcecode.swift; path = AchievementsListPresenterTests.swift; sourceTree = "<group>"; };
		E90FA6922428735A00581093 /* AchievementsListViewProtocolMock.swift */ = {isa = PBXFileReference; lastKnownFileType = sourcecode.swift; path = AchievementsListViewProtocolMock.swift; sourceTree = "<group>"; };
		E90FA6942428741700581093 /* AchievementsListInteractorInputProtocolMock.swift */ = {isa = PBXFileReference; lastKnownFileType = sourcecode.swift; path = AchievementsListInteractorInputProtocolMock.swift; sourceTree = "<group>"; };
		E90FA6972428747D00581093 /* AchievementsListRouterProtocolMock.swift */ = {isa = PBXFileReference; lastKnownFileType = sourcecode.swift; path = AchievementsListRouterProtocolMock.swift; sourceTree = "<group>"; };
		E90FA69A2428DDA000581093 /* Lato-Regular.ttf */ = {isa = PBXFileReference; lastKnownFileType = file; path = "Lato-Regular.ttf"; sourceTree = "<group>"; };
		E90FA69C2428DDD700581093 /* UIFontExtension.swift */ = {isa = PBXFileReference; lastKnownFileType = sourcecode.swift; path = UIFontExtension.swift; sourceTree = "<group>"; };
		E90FA6A02428F9AA00581093 /* Global Constants.swift */ = {isa = PBXFileReference; lastKnownFileType = sourcecode.swift; path = "Global Constants.swift"; sourceTree = "<group>"; };
		E90FA6A22428FA2E00581093 /* NumberExtensions.swift */ = {isa = PBXFileReference; lastKnownFileType = sourcecode.swift; path = NumberExtensions.swift; sourceTree = "<group>"; };
		E90FA6AF24290CAC00581093 /* AchievementsListViewControllerTests.swift */ = {isa = PBXFileReference; lastKnownFileType = sourcecode.swift; path = AchievementsListViewControllerTests.swift; sourceTree = "<group>"; };
		E90FA6B124290CBB00581093 /* UICollectionViewMock.swift */ = {isa = PBXFileReference; lastKnownFileType = sourcecode.swift; path = UICollectionViewMock.swift; sourceTree = "<group>"; };
		E95AAAED2427F575009E3E8A /* StashTakeHome.app */ = {isa = PBXFileReference; explicitFileType = wrapper.application; includeInIndex = 0; path = StashTakeHome.app; sourceTree = BUILT_PRODUCTS_DIR; };
		E95AAAF02427F575009E3E8A /* AppDelegate.swift */ = {isa = PBXFileReference; lastKnownFileType = sourcecode.swift; path = AppDelegate.swift; sourceTree = "<group>"; };
		E95AAAF22427F575009E3E8A /* SceneDelegate.swift */ = {isa = PBXFileReference; lastKnownFileType = sourcecode.swift; path = SceneDelegate.swift; sourceTree = "<group>"; };
		E95AAAF72427F575009E3E8A /* Base */ = {isa = PBXFileReference; lastKnownFileType = file.storyboard; name = Base; path = Base.lproj/Main.storyboard; sourceTree = "<group>"; };
		E95AAAF92427F576009E3E8A /* Assets.xcassets */ = {isa = PBXFileReference; lastKnownFileType = folder.assetcatalog; path = Assets.xcassets; sourceTree = "<group>"; };
		E95AAAFC2427F577009E3E8A /* Base */ = {isa = PBXFileReference; lastKnownFileType = file.storyboard; name = Base; path = Base.lproj/LaunchScreen.storyboard; sourceTree = "<group>"; };
		E95AAAFE2427F577009E3E8A /* Info.plist */ = {isa = PBXFileReference; lastKnownFileType = text.plist.xml; path = Info.plist; sourceTree = "<group>"; };
		E95AAB142427F646009E3E8A /* achievements.json */ = {isa = PBXFileReference; fileEncoding = 4; lastKnownFileType = text.json; path = achievements.json; sourceTree = "<group>"; };
		E95AAB172427F6AD009E3E8A /* Protocols.swift */ = {isa = PBXFileReference; lastKnownFileType = sourcecode.swift; path = Protocols.swift; sourceTree = "<group>"; };
		E95AAB1A2427F709009E3E8A /* Achievement.swift */ = {isa = PBXFileReference; lastKnownFileType = sourcecode.swift; path = Achievement.swift; sourceTree = "<group>"; };
		E95AAB1D2427FBA9009E3E8A /* AchievementListInteractor.swift */ = {isa = PBXFileReference; lastKnownFileType = sourcecode.swift; path = AchievementListInteractor.swift; sourceTree = "<group>"; };
		E95AAB1F2427FF5A009E3E8A /* AchievementListDataManager.swift */ = {isa = PBXFileReference; lastKnownFileType = sourcecode.swift; path = AchievementListDataManager.swift; sourceTree = "<group>"; };
		E95AAB2124280563009E3E8A /* AchievementListResponse.swift */ = {isa = PBXFileReference; lastKnownFileType = sourcecode.swift; path = AchievementListResponse.swift; sourceTree = "<group>"; };
		E95AAB2324280780009E3E8A /* HTTPStatus.swift */ = {isa = PBXFileReference; lastKnownFileType = sourcecode.swift; path = HTTPStatus.swift; sourceTree = "<group>"; };
		E9B626082429140C0061774B /* AchievementsListPresenterMock.swift */ = {isa = PBXFileReference; lastKnownFileType = sourcecode.swift; path = AchievementsListPresenterMock.swift; sourceTree = "<group>"; };
		E9B6260B242917B60061774B /* AchievementListCollectionViewCellMock.swift */ = {isa = PBXFileReference; lastKnownFileType = sourcecode.swift; path = AchievementListCollectionViewCellMock.swift; sourceTree = "<group>"; };
		E9B6260D24291BB10061774B /* AchievementListCollectionViewCellTests.swift */ = {isa = PBXFileReference; lastKnownFileType = sourcecode.swift; path = AchievementListCollectionViewCellTests.swift; sourceTree = "<group>"; };
		E9B6260F24291C130061774B /* UIImageViewMock.swift */ = {isa = PBXFileReference; lastKnownFileType = sourcecode.swift; path = UIImageViewMock.swift; sourceTree = "<group>"; };
		E9B6261324291C930061774B /* ProgressBarViewMock.swift */ = {isa = PBXFileReference; lastKnownFileType = sourcecode.swift; path = ProgressBarViewMock.swift; sourceTree = "<group>"; };
		E9B6261824292FDA0061774B /* Lato-Bold.ttf */ = {isa = PBXFileReference; lastKnownFileType = file; path = "Lato-Bold.ttf"; sourceTree = "<group>"; };
		E9B6261B2429353D0061774B /* LightStatusBarUINavigationController.swift */ = {isa = PBXFileReference; lastKnownFileType = sourcecode.swift; path = LightStatusBarUINavigationController.swift; sourceTree = "<group>"; };
		E9B6261D242972170061774B /* NoAchievementsFoundView.swift */ = {isa = PBXFileReference; lastKnownFileType = sourcecode.swift; path = NoAchievementsFoundView.swift; sourceTree = "<group>"; };
		E9E9274224280CE500989CB5 /* AchievementsListViewController.swift */ = {isa = PBXFileReference; lastKnownFileType = sourcecode.swift; path = AchievementsListViewController.swift; sourceTree = "<group>"; };
		E9E9274824280D8500989CB5 /* StashTakeHomeTests.xctest */ = {isa = PBXFileReference; explicitFileType = wrapper.cfbundle; includeInIndex = 0; path = StashTakeHomeTests.xctest; sourceTree = BUILT_PRODUCTS_DIR; };
		E9E9274C24280D8500989CB5 /* Info.plist */ = {isa = PBXFileReference; lastKnownFileType = text.plist.xml; path = Info.plist; sourceTree = "<group>"; };
		E9E9275224280DD800989CB5 /* AchievementListDataManagerTests.swift */ = {isa = PBXFileReference; lastKnownFileType = sourcecode.swift; path = AchievementListDataManagerTests.swift; sourceTree = "<group>"; };
		E9E9275724280ECF00989CB5 /* JSONDecoderMock.swift */ = {isa = PBXFileReference; lastKnownFileType = sourcecode.swift; path = JSONDecoderMock.swift; sourceTree = "<group>"; };
		E9EC46F3242827E300CD6D44 /* malformed_achievements.json */ = {isa = PBXFileReference; fileEncoding = 4; lastKnownFileType = text.json; path = malformed_achievements.json; sourceTree = "<group>"; };
		E9EC46F924282C0D00CD6D44 /* TestHelper.swift */ = {isa = PBXFileReference; lastKnownFileType = sourcecode.swift; path = TestHelper.swift; sourceTree = "<group>"; };
		E9EC46FB2428369900CD6D44 /* AchievementListInteractorTests.swift */ = {isa = PBXFileReference; lastKnownFileType = sourcecode.swift; path = AchievementListInteractorTests.swift; sourceTree = "<group>"; };
		E9EC46FD242836E200CD6D44 /* AchievementListDataManagerMock.swift */ = {isa = PBXFileReference; lastKnownFileType = sourcecode.swift; path = AchievementListDataManagerMock.swift; sourceTree = "<group>"; };
		E9EC46FF2428377000CD6D44 /* AchievementsListInteractorOutputProtocolMock.swift */ = {isa = PBXFileReference; lastKnownFileType = sourcecode.swift; path = AchievementsListInteractorOutputProtocolMock.swift; sourceTree = "<group>"; };
/* End PBXFileReference section */

/* Begin PBXFrameworksBuildPhase section */
		E95AAAEA2427F575009E3E8A /* Frameworks */ = {
			isa = PBXFrameworksBuildPhase;
			buildActionMask = 2147483647;
			files = (
				8A56DC99D9DDBA0C94B9EEDC /* Pods_StashTakeHome.framework in Frameworks */,
			);
			runOnlyForDeploymentPostprocessing = 0;
		};
		E9E9274524280D8500989CB5 /* Frameworks */ = {
			isa = PBXFrameworksBuildPhase;
			buildActionMask = 2147483647;
			files = (
				FA47AEBABB8C2A5DC562F6D3 /* Pods_StashTakeHomeTests.framework in Frameworks */,
			);
			runOnlyForDeploymentPostprocessing = 0;
		};
/* End PBXFrameworksBuildPhase section */

/* Begin PBXGroup section */
		4BD6B60B3447467F1DAC1E45 /* Frameworks */ = {
			isa = PBXGroup;
			children = (
				050B0353FF62F12AA53F97DD /* Pods_StashTakeHome.framework */,
				A566A36FEFD37D425C590332 /* Pods_StashTakeHomeTests.framework */,
			);
			name = Frameworks;
			sourceTree = "<group>";
		};
		64B418A86566A8FA77943334 /* Pods */ = {
			isa = PBXGroup;
			children = (
				0420C3DC54B5976C6A7FC36A /* Pods-StashTakeHome.debug.xcconfig */,
				9D26CBC1AF7A519EB7FDE179 /* Pods-StashTakeHome.release.xcconfig */,
				E8DB49B229ADF46A21B63D26 /* Pods-StashTakeHomeTests.debug.xcconfig */,
				7375CD406BDF41102E7A7C2E /* Pods-StashTakeHomeTests.release.xcconfig */,
			);
			path = Pods;
			sourceTree = "<group>";
		};
		E90FA6792428386400581093 /* Modules */ = {
			isa = PBXGroup;
			children = (
				E90FA67A2428386A00581093 /* Achievements */,
			);
			path = Modules;
			sourceTree = "<group>";
		};
		E90FA67A2428386A00581093 /* Achievements */ = {
			isa = PBXGroup;
			children = (
				E90FA6AE24290C9C00581093 /* View */,
				E90FA68D2428727000581093 /* Presenter */,
				E90FA68C2428726300581093 /* Interactor */,
			);
			path = Achievements;
			sourceTree = "<group>";
		};
		E90FA67F24284D8B00581093 /* Utilities */ = {
			isa = PBXGroup;
			children = (
				E9B6261524291F060061774B /* Extensions */,
				E90FA6A02428F9AA00581093 /* Global Constants.swift */,
			);
			path = Utilities;
			sourceTree = "<group>";
		};
		E90FA68224284E9200581093 /* Router */ = {
			isa = PBXGroup;
			children = (
				E90FA68324284EA100581093 /* AchievementsListViewRouter.swift */,
			);
			path = Router;
			sourceTree = "<group>";
		};
		E90FA6872428502800581093 /* Presenter */ = {
			isa = PBXGroup;
			children = (
				E90FA6882428503F00581093 /* AchievementsListPresenter.swift */,
			);
			path = Presenter;
			sourceTree = "<group>";
		};
		E90FA68C2428726300581093 /* Interactor */ = {
			isa = PBXGroup;
			children = (
				E9E9275224280DD800989CB5 /* AchievementListDataManagerTests.swift */,
				E9EC46FB2428369900CD6D44 /* AchievementListInteractorTests.swift */,
			);
			path = Interactor;
			sourceTree = "<group>";
		};
		E90FA68D2428727000581093 /* Presenter */ = {
			isa = PBXGroup;
			children = (
				E90FA68E2428728800581093 /* AchievementsListPresenterTests.swift */,
			);
			path = Presenter;
			sourceTree = "<group>";
		};
		E90FA6902428733800581093 /* Interactor */ = {
			isa = PBXGroup;
			children = (
				E9EC46FD242836E200CD6D44 /* AchievementListDataManagerMock.swift */,
				E9EC46FF2428377000CD6D44 /* AchievementsListInteractorOutputProtocolMock.swift */,
				E90FA6942428741700581093 /* AchievementsListInteractorInputProtocolMock.swift */,
			);
			path = Interactor;
			sourceTree = "<group>";
		};
		E90FA6912428734200581093 /* View */ = {
			isa = PBXGroup;
			children = (
				E90FA6922428735A00581093 /* AchievementsListViewProtocolMock.swift */,
			);
			path = View;
			sourceTree = "<group>";
		};
		E90FA6962428747200581093 /* Router */ = {
			isa = PBXGroup;
			children = (
				E90FA6972428747D00581093 /* AchievementsListRouterProtocolMock.swift */,
			);
			path = Router;
			sourceTree = "<group>";
		};
		E90FA6992428DD7A00581093 /* Fonts */ = {
			isa = PBXGroup;
			children = (
				E90FA69A2428DDA000581093 /* Lato-Regular.ttf */,
				E9B6261824292FDA0061774B /* Lato-Bold.ttf */,
			);
			path = Fonts;
			sourceTree = "<group>";
		};
		E90FA6AE24290C9C00581093 /* View */ = {
			isa = PBXGroup;
			children = (
				E90FA6AF24290CAC00581093 /* AchievementsListViewControllerTests.swift */,
				E9B6260D24291BB10061774B /* AchievementListCollectionViewCellTests.swift */,
			);
			path = View;
			sourceTree = "<group>";
		};
		E95AAAE42427F575009E3E8A = {
			isa = PBXGroup;
			children = (
				E95AAAEF2427F575009E3E8A /* StashTakeHome */,
				E9E9274924280D8500989CB5 /* StashTakeHomeTests */,
				E95AAAEE2427F575009E3E8A /* Products */,
				64B418A86566A8FA77943334 /* Pods */,
				4BD6B60B3447467F1DAC1E45 /* Frameworks */,
			);
			sourceTree = "<group>";
		};
		E95AAAEE2427F575009E3E8A /* Products */ = {
			isa = PBXGroup;
			children = (
				E95AAAED2427F575009E3E8A /* StashTakeHome.app */,
				E9E9274824280D8500989CB5 /* StashTakeHomeTests.xctest */,
			);
			name = Products;
			sourceTree = "<group>";
		};
		E95AAAEF2427F575009E3E8A /* StashTakeHome */ = {
			isa = PBXGroup;
			children = (
				E95AAAF02427F575009E3E8A /* AppDelegate.swift */,
				E95AAAF22427F575009E3E8A /* SceneDelegate.swift */,
				E95AAAF62427F575009E3E8A /* Main.storyboard */,
				E9B6261A242935160061774B /* Subclasses */,
				E90FA67F24284D8B00581093 /* Utilities */,
				E95AAB162427F68E009E3E8A /* Achievements Module */,
				E95AAB122427F62B009E3E8A /* Resources */,
				E95AAAFB2427F577009E3E8A /* LaunchScreen.storyboard */,
				E95AAAFE2427F577009E3E8A /* Info.plist */,
			);
			path = StashTakeHome;
			sourceTree = "<group>";
		};
		E95AAB122427F62B009E3E8A /* Resources */ = {
			isa = PBXGroup;
			children = (
				E95AAAF92427F576009E3E8A /* Assets.xcassets */,
				E90FA6992428DD7A00581093 /* Fonts */,
				E95AAB132427F638009E3E8A /* JSON */,
			);
			path = Resources;
			sourceTree = "<group>";
		};
		E95AAB132427F638009E3E8A /* JSON */ = {
			isa = PBXGroup;
			children = (
				E95AAB142427F646009E3E8A /* achievements.json */,
			);
			path = JSON;
			sourceTree = "<group>";
		};
		E95AAB162427F68E009E3E8A /* Achievements Module */ = {
			isa = PBXGroup;
			children = (
				E95AAB172427F6AD009E3E8A /* Protocols.swift */,
				E9E9274124280CD900989CB5 /* View */,
				E90FA6872428502800581093 /* Presenter */,
				E95AAB1C2427FB8E009E3E8A /* Interactor */,
				E95AAB192427F6FC009E3E8A /* Entities */,
				E90FA68224284E9200581093 /* Router */,
			);
			path = "Achievements Module";
			sourceTree = "<group>";
		};
		E95AAB192427F6FC009E3E8A /* Entities */ = {
			isa = PBXGroup;
			children = (
				E95AAB1A2427F709009E3E8A /* Achievement.swift */,
				E95AAB2124280563009E3E8A /* AchievementListResponse.swift */,
				E95AAB2324280780009E3E8A /* HTTPStatus.swift */,
			);
			path = Entities;
			sourceTree = "<group>";
		};
		E95AAB1C2427FB8E009E3E8A /* Interactor */ = {
			isa = PBXGroup;
			children = (
				E95AAB1D2427FBA9009E3E8A /* AchievementListInteractor.swift */,
				E95AAB1F2427FF5A009E3E8A /* AchievementListDataManager.swift */,
			);
			path = Interactor;
			sourceTree = "<group>";
		};
		E9B62607242913F70061774B /* Presenter */ = {
			isa = PBXGroup;
			children = (
				E9B626082429140C0061774B /* AchievementsListPresenterMock.swift */,
			);
			path = Presenter;
			sourceTree = "<group>";
		};
		E9B6260A2429179A0061774B /* Views */ = {
			isa = PBXGroup;
			children = (
				E90FA6B124290CBB00581093 /* UICollectionViewMock.swift */,
				E9B6260B242917B60061774B /* AchievementListCollectionViewCellMock.swift */,
				E9B6260F24291C130061774B /* UIImageViewMock.swift */,
				E9B6261324291C930061774B /* ProgressBarViewMock.swift */,
			);
			path = Views;
			sourceTree = "<group>";
		};
		E9B6261524291F060061774B /* Extensions */ = {
			isa = PBXGroup;
			children = (
				E90FA68024284DA100581093 /* ArrayExtension.swift */,
				E90FA6A22428FA2E00581093 /* NumberExtensions.swift */,
				E90FA68A2428647D00581093 /* UIColorExtension.swift */,
				E90FA69C2428DDD700581093 /* UIFontExtension.swift */,
			);
			path = Extensions;
			sourceTree = "<group>";
		};
		E9B6261A242935160061774B /* Subclasses */ = {
			isa = PBXGroup;
			children = (
				E9B6261B2429353D0061774B /* LightStatusBarUINavigationController.swift */,
			);
			path = Subclasses;
			sourceTree = "<group>";
		};
		E9E9274124280CD900989CB5 /* View */ = {
			isa = PBXGroup;
			children = (
				E9E9274224280CE500989CB5 /* AchievementsListViewController.swift */,
				E90FA67B2428418700581093 /* AchievementListCollectionViewCell.swift */,
				E90FA67D2428424F00581093 /* ProgressBarView.swift */,
				E9B6261D242972170061774B /* NoAchievementsFoundView.swift */,
			);
			path = View;
			sourceTree = "<group>";
		};
		E9E9274924280D8500989CB5 /* StashTakeHomeTests */ = {
			isa = PBXGroup;
			children = (
				E9EC46F824282C0000CD6D44 /* Utilities */,
				E9EC46F2242827A300CD6D44 /* Resources */,
				E9E927592428106600989CB5 /* Tests */,
				E9E9275424280E1900989CB5 /* Mocks */,
				E9E9274C24280D8500989CB5 /* Info.plist */,
			);
			path = StashTakeHomeTests;
			sourceTree = "<group>";
		};
		E9E9275424280E1900989CB5 /* Mocks */ = {
			isa = PBXGroup;
			children = (
				E9E9275724280ECF00989CB5 /* JSONDecoderMock.swift */,
				E9B6260A2429179A0061774B /* Views */,
				E9EC47012428377D00CD6D44 /* Modules */,
			);
			path = Mocks;
			sourceTree = "<group>";
		};
		E9E927592428106600989CB5 /* Tests */ = {
			isa = PBXGroup;
			children = (
				E90FA6792428386400581093 /* Modules */,
			);
			path = Tests;
			sourceTree = "<group>";
		};
		E9EC46F2242827A300CD6D44 /* Resources */ = {
			isa = PBXGroup;
			children = (
				E9EC46F3242827E300CD6D44 /* malformed_achievements.json */,
			);
			path = Resources;
			sourceTree = "<group>";
		};
		E9EC46F824282C0000CD6D44 /* Utilities */ = {
			isa = PBXGroup;
			children = (
				E9EC46F924282C0D00CD6D44 /* TestHelper.swift */,
			);
			path = Utilities;
			sourceTree = "<group>";
		};
		E9EC47012428377D00CD6D44 /* Modules */ = {
			isa = PBXGroup;
			children = (
				E9B62607242913F70061774B /* Presenter */,
				E9EC47022428379300CD6D44 /* Achievements */,
			);
			path = Modules;
			sourceTree = "<group>";
		};
		E9EC47022428379300CD6D44 /* Achievements */ = {
			isa = PBXGroup;
			children = (
				E90FA6962428747200581093 /* Router */,
				E90FA6912428734200581093 /* View */,
				E90FA6902428733800581093 /* Interactor */,
			);
			path = Achievements;
			sourceTree = "<group>";
		};
/* End PBXGroup section */

/* Begin PBXNativeTarget section */
		E95AAAEC2427F575009E3E8A /* StashTakeHome */ = {
			isa = PBXNativeTarget;
			buildConfigurationList = E95AAB0C2427F577009E3E8A /* Build configuration list for PBXNativeTarget "StashTakeHome" */;
			buildPhases = (
				D0F3608DCB3F5CF3BEB2A0FE /* [CP] Check Pods Manifest.lock */,
				E95AAAE92427F575009E3E8A /* Sources */,
				E95AAAEA2427F575009E3E8A /* Frameworks */,
				E95AAAEB2427F575009E3E8A /* Resources */,
				99F34399FBAD8954DC949095 /* [CP] Embed Pods Frameworks */,
			);
			buildRules = (
			);
			dependencies = (
			);
			name = StashTakeHome;
			productName = StashTakeHome;
			productReference = E95AAAED2427F575009E3E8A /* StashTakeHome.app */;
			productType = "com.apple.product-type.application";
		};
		E9E9274724280D8500989CB5 /* StashTakeHomeTests */ = {
			isa = PBXNativeTarget;
			buildConfigurationList = E9E9274F24280D8500989CB5 /* Build configuration list for PBXNativeTarget "StashTakeHomeTests" */;
			buildPhases = (
				9B72FB7209DE2233812F7042 /* [CP] Check Pods Manifest.lock */,
				E9E9274424280D8500989CB5 /* Sources */,
				E9E9274524280D8500989CB5 /* Frameworks */,
				E9E9274624280D8500989CB5 /* Resources */,
			);
			buildRules = (
			);
			dependencies = (
				E9E9274E24280D8500989CB5 /* PBXTargetDependency */,
			);
			name = StashTakeHomeTests;
			productName = StashTakeHomeTests;
			productReference = E9E9274824280D8500989CB5 /* StashTakeHomeTests.xctest */;
			productType = "com.apple.product-type.bundle.unit-test";
		};
/* End PBXNativeTarget section */

/* Begin PBXProject section */
		E95AAAE52427F575009E3E8A /* Project object */ = {
			isa = PBXProject;
			attributes = {
				LastSwiftUpdateCheck = 1130;
				LastUpgradeCheck = 1130;
				ORGANIZATIONNAME = "Jesse Seidman";
				TargetAttributes = {
					E95AAAEC2427F575009E3E8A = {
						CreatedOnToolsVersion = 11.3.1;
					};
					E9E9274724280D8500989CB5 = {
						CreatedOnToolsVersion = 11.3.1;
						LastSwiftMigration = 1130;
						TestTargetID = E95AAAEC2427F575009E3E8A;
					};
				};
			};
			buildConfigurationList = E95AAAE82427F575009E3E8A /* Build configuration list for PBXProject "StashTakeHome" */;
			compatibilityVersion = "Xcode 9.3";
			developmentRegion = en;
			hasScannedForEncodings = 0;
			knownRegions = (
				en,
				Base,
			);
			mainGroup = E95AAAE42427F575009E3E8A;
			productRefGroup = E95AAAEE2427F575009E3E8A /* Products */;
			projectDirPath = "";
			projectRoot = "";
			targets = (
				E95AAAEC2427F575009E3E8A /* StashTakeHome */,
				E9E9274724280D8500989CB5 /* StashTakeHomeTests */,
			);
		};
/* End PBXProject section */

/* Begin PBXResourcesBuildPhase section */
		E95AAAEB2427F575009E3E8A /* Resources */ = {
			isa = PBXResourcesBuildPhase;
			buildActionMask = 2147483647;
			files = (
				E95AAAFD2427F577009E3E8A /* LaunchScreen.storyboard in Resources */,
				E9B6261924292FDA0061774B /* Lato-Bold.ttf in Resources */,
				E95AAB152427F646009E3E8A /* achievements.json in Resources */,
				E90FA69B2428DDC200581093 /* Lato-Regular.ttf in Resources */,
				E95AAAFA2427F577009E3E8A /* Assets.xcassets in Resources */,
				E95AAAF82427F575009E3E8A /* Main.storyboard in Resources */,
			);
			runOnlyForDeploymentPostprocessing = 0;
		};
		E9E9274624280D8500989CB5 /* Resources */ = {
			isa = PBXResourcesBuildPhase;
			buildActionMask = 2147483647;
			files = (
				E9E92760242825CF00989CB5 /* achievements.json in Resources */,
				E9EC46F4242827E300CD6D44 /* malformed_achievements.json in Resources */,
			);
			runOnlyForDeploymentPostprocessing = 0;
		};
/* End PBXResourcesBuildPhase section */

/* Begin PBXShellScriptBuildPhase section */
		99F34399FBAD8954DC949095 /* [CP] Embed Pods Frameworks */ = {
			isa = PBXShellScriptBuildPhase;
			buildActionMask = 2147483647;
			files = (
			);
			inputFileListPaths = (
				"${PODS_ROOT}/Target Support Files/Pods-StashTakeHome/Pods-StashTakeHome-frameworks-${CONFIGURATION}-input-files.xcfilelist",
			);
			name = "[CP] Embed Pods Frameworks";
			outputFileListPaths = (
				"${PODS_ROOT}/Target Support Files/Pods-StashTakeHome/Pods-StashTakeHome-frameworks-${CONFIGURATION}-output-files.xcfilelist",
			);
			runOnlyForDeploymentPostprocessing = 0;
			shellPath = /bin/sh;
			shellScript = "\"${PODS_ROOT}/Target Support Files/Pods-StashTakeHome/Pods-StashTakeHome-frameworks.sh\"\n";
			showEnvVarsInLog = 0;
		};
		9B72FB7209DE2233812F7042 /* [CP] Check Pods Manifest.lock */ = {
			isa = PBXShellScriptBuildPhase;
			buildActionMask = 2147483647;
			files = (
			);
			inputFileListPaths = (
			);
			inputPaths = (
				"${PODS_PODFILE_DIR_PATH}/Podfile.lock",
				"${PODS_ROOT}/Manifest.lock",
			);
			name = "[CP] Check Pods Manifest.lock";
			outputFileListPaths = (
			);
			outputPaths = (
				"$(DERIVED_FILE_DIR)/Pods-StashTakeHomeTests-checkManifestLockResult.txt",
			);
			runOnlyForDeploymentPostprocessing = 0;
			shellPath = /bin/sh;
			shellScript = "diff \"${PODS_PODFILE_DIR_PATH}/Podfile.lock\" \"${PODS_ROOT}/Manifest.lock\" > /dev/null\nif [ $? != 0 ] ; then\n    # print error to STDERR\n    echo \"error: The sandbox is not in sync with the Podfile.lock. Run 'pod install' or update your CocoaPods installation.\" >&2\n    exit 1\nfi\n# This output is used by Xcode 'outputs' to avoid re-running this script phase.\necho \"SUCCESS\" > \"${SCRIPT_OUTPUT_FILE_0}\"\n";
			showEnvVarsInLog = 0;
		};
		D0F3608DCB3F5CF3BEB2A0FE /* [CP] Check Pods Manifest.lock */ = {
			isa = PBXShellScriptBuildPhase;
			buildActionMask = 2147483647;
			files = (
			);
			inputFileListPaths = (
			);
			inputPaths = (
				"${PODS_PODFILE_DIR_PATH}/Podfile.lock",
				"${PODS_ROOT}/Manifest.lock",
			);
			name = "[CP] Check Pods Manifest.lock";
			outputFileListPaths = (
			);
			outputPaths = (
				"$(DERIVED_FILE_DIR)/Pods-StashTakeHome-checkManifestLockResult.txt",
			);
			runOnlyForDeploymentPostprocessing = 0;
			shellPath = /bin/sh;
			shellScript = "diff \"${PODS_PODFILE_DIR_PATH}/Podfile.lock\" \"${PODS_ROOT}/Manifest.lock\" > /dev/null\nif [ $? != 0 ] ; then\n    # print error to STDERR\n    echo \"error: The sandbox is not in sync with the Podfile.lock. Run 'pod install' or update your CocoaPods installation.\" >&2\n    exit 1\nfi\n# This output is used by Xcode 'outputs' to avoid re-running this script phase.\necho \"SUCCESS\" > \"${SCRIPT_OUTPUT_FILE_0}\"\n";
			showEnvVarsInLog = 0;
		};
/* End PBXShellScriptBuildPhase section */

/* Begin PBXSourcesBuildPhase section */
		E95AAAE92427F575009E3E8A /* Sources */ = {
			isa = PBXSourcesBuildPhase;
			buildActionMask = 2147483647;
			files = (
				E90FA68B2428647D00581093 /* UIColorExtension.swift in Sources */,
				E90FA67E2428424F00581093 /* ProgressBarView.swift in Sources */,
				E95AAAF12427F575009E3E8A /* AppDelegate.swift in Sources */,
				E95AAB2424280780009E3E8A /* HTTPStatus.swift in Sources */,
				E9B6261E242972170061774B /* NoAchievementsFoundView.swift in Sources */,
				E95AAB202427FF5A009E3E8A /* AchievementListDataManager.swift in Sources */,
				E95AAAF32427F575009E3E8A /* SceneDelegate.swift in Sources */,
				E95AAB2224280563009E3E8A /* AchievementListResponse.swift in Sources */,
				E90FA67C2428418700581093 /* AchievementListCollectionViewCell.swift in Sources */,
				E90FA68424284EA100581093 /* AchievementsListViewRouter.swift in Sources */,
				E90FA69D2428DDD700581093 /* UIFontExtension.swift in Sources */,
				E9E9274324280CE500989CB5 /* AchievementsListViewController.swift in Sources */,
				E90FA6892428503F00581093 /* AchievementsListPresenter.swift in Sources */,
				E90FA6A12428F9AA00581093 /* Global Constants.swift in Sources */,
				E90FA6A32428FA2E00581093 /* NumberExtensions.swift in Sources */,
				E95AAB182427F6AD009E3E8A /* Protocols.swift in Sources */,
				E9B6261C2429353D0061774B /* LightStatusBarUINavigationController.swift in Sources */,
				E95AAB1E2427FBA9009E3E8A /* AchievementListInteractor.swift in Sources */,
				E95AAB1B2427F709009E3E8A /* Achievement.swift in Sources */,
				E90FA68124284DA100581093 /* ArrayExtension.swift in Sources */,
			);
			runOnlyForDeploymentPostprocessing = 0;
		};
		E9E9274424280D8500989CB5 /* Sources */ = {
			isa = PBXSourcesBuildPhase;
			buildActionMask = 2147483647;
			files = (
				E9B6260C242917B60061774B /* AchievementListCollectionViewCellMock.swift in Sources */,
				E90FA6932428735A00581093 /* AchievementsListViewProtocolMock.swift in Sources */,
				E90FA6952428741700581093 /* AchievementsListInteractorInputProtocolMock.swift in Sources */,
				E90FA68F2428728800581093 /* AchievementsListPresenterTests.swift in Sources */,
				E9B626092429140C0061774B /* AchievementsListPresenterMock.swift in Sources */,
				E9EC46FA24282C0D00CD6D44 /* TestHelper.swift in Sources */,
				E9B6261024291C130061774B /* UIImageViewMock.swift in Sources */,
				E9B6260E24291BB10061774B /* AchievementListCollectionViewCellTests.swift in Sources */,
				E9E9275824280ECF00989CB5 /* JSONDecoderMock.swift in Sources */,
				E90FA6B024290CAC00581093 /* AchievementsListViewControllerTests.swift in Sources */,
				E9EC46FC2428369900CD6D44 /* AchievementListInteractorTests.swift in Sources */,
				E9B6261424291C930061774B /* ProgressBarViewMock.swift in Sources */,
				E90FA6982428747D00581093 /* AchievementsListRouterProtocolMock.swift in Sources */,
				E90FA6B224290CBB00581093 /* UICollectionViewMock.swift in Sources */,
				E9EC46FE242836E200CD6D44 /* AchievementListDataManagerMock.swift in Sources */,
				E9E9275324280DD800989CB5 /* AchievementListDataManagerTests.swift in Sources */,
				E9EC47002428377000CD6D44 /* AchievementsListInteractorOutputProtocolMock.swift in Sources */,
			);
			runOnlyForDeploymentPostprocessing = 0;
		};
/* End PBXSourcesBuildPhase section */

/* Begin PBXTargetDependency section */
		E9E9274E24280D8500989CB5 /* PBXTargetDependency */ = {
			isa = PBXTargetDependency;
			target = E95AAAEC2427F575009E3E8A /* StashTakeHome */;
			targetProxy = E9E9274D24280D8500989CB5 /* PBXContainerItemProxy */;
		};
/* End PBXTargetDependency section */

/* Begin PBXVariantGroup section */
		E95AAAF62427F575009E3E8A /* Main.storyboard */ = {
			isa = PBXVariantGroup;
			children = (
				E95AAAF72427F575009E3E8A /* Base */,
			);
			name = Main.storyboard;
			sourceTree = "<group>";
		};
		E95AAAFB2427F577009E3E8A /* LaunchScreen.storyboard */ = {
			isa = PBXVariantGroup;
			children = (
				E95AAAFC2427F577009E3E8A /* Base */,
			);
			name = LaunchScreen.storyboard;
			sourceTree = "<group>";
		};
/* End PBXVariantGroup section */

/* Begin XCBuildConfiguration section */
		E95AAB0A2427F577009E3E8A /* Debug */ = {
			isa = XCBuildConfiguration;
			buildSettings = {
				ALWAYS_SEARCH_USER_PATHS = NO;
				CLANG_ANALYZER_NONNULL = YES;
				CLANG_ANALYZER_NUMBER_OBJECT_CONVERSION = YES_AGGRESSIVE;
				CLANG_CXX_LANGUAGE_STANDARD = "gnu++14";
				CLANG_CXX_LIBRARY = "libc++";
				CLANG_ENABLE_MODULES = YES;
				CLANG_ENABLE_OBJC_ARC = YES;
				CLANG_ENABLE_OBJC_WEAK = YES;
				CLANG_WARN_BLOCK_CAPTURE_AUTORELEASING = YES;
				CLANG_WARN_BOOL_CONVERSION = YES;
				CLANG_WARN_COMMA = YES;
				CLANG_WARN_CONSTANT_CONVERSION = YES;
				CLANG_WARN_DEPRECATED_OBJC_IMPLEMENTATIONS = YES;
				CLANG_WARN_DIRECT_OBJC_ISA_USAGE = YES_ERROR;
				CLANG_WARN_DOCUMENTATION_COMMENTS = YES;
				CLANG_WARN_EMPTY_BODY = YES;
				CLANG_WARN_ENUM_CONVERSION = YES;
				CLANG_WARN_INFINITE_RECURSION = YES;
				CLANG_WARN_INT_CONVERSION = YES;
				CLANG_WARN_NON_LITERAL_NULL_CONVERSION = YES;
				CLANG_WARN_OBJC_IMPLICIT_RETAIN_SELF = YES;
				CLANG_WARN_OBJC_LITERAL_CONVERSION = YES;
				CLANG_WARN_OBJC_ROOT_CLASS = YES_ERROR;
				CLANG_WARN_RANGE_LOOP_ANALYSIS = YES;
				CLANG_WARN_STRICT_PROTOTYPES = YES;
				CLANG_WARN_SUSPICIOUS_MOVE = YES;
				CLANG_WARN_UNGUARDED_AVAILABILITY = YES_AGGRESSIVE;
				CLANG_WARN_UNREACHABLE_CODE = YES;
				CLANG_WARN__DUPLICATE_METHOD_MATCH = YES;
				COPY_PHASE_STRIP = NO;
				DEBUG_INFORMATION_FORMAT = dwarf;
				ENABLE_STRICT_OBJC_MSGSEND = YES;
				ENABLE_TESTABILITY = YES;
				GCC_C_LANGUAGE_STANDARD = gnu11;
				GCC_DYNAMIC_NO_PIC = NO;
				GCC_NO_COMMON_BLOCKS = YES;
				GCC_OPTIMIZATION_LEVEL = 0;
				GCC_PREPROCESSOR_DEFINITIONS = (
					"DEBUG=1",
					"$(inherited)",
				);
				GCC_WARN_64_TO_32_BIT_CONVERSION = YES;
				GCC_WARN_ABOUT_RETURN_TYPE = YES_ERROR;
				GCC_WARN_UNDECLARED_SELECTOR = YES;
				GCC_WARN_UNINITIALIZED_AUTOS = YES_AGGRESSIVE;
				GCC_WARN_UNUSED_FUNCTION = YES;
				GCC_WARN_UNUSED_VARIABLE = YES;
				IPHONEOS_DEPLOYMENT_TARGET = 13.2;
				MTL_ENABLE_DEBUG_INFO = INCLUDE_SOURCE;
				MTL_FAST_MATH = YES;
				ONLY_ACTIVE_ARCH = YES;
				SDKROOT = iphoneos;
				SWIFT_ACTIVE_COMPILATION_CONDITIONS = DEBUG;
				SWIFT_OPTIMIZATION_LEVEL = "-Onone";
			};
			name = Debug;
		};
		E95AAB0B2427F577009E3E8A /* Release */ = {
			isa = XCBuildConfiguration;
			buildSettings = {
				ALWAYS_SEARCH_USER_PATHS = NO;
				CLANG_ANALYZER_NONNULL = YES;
				CLANG_ANALYZER_NUMBER_OBJECT_CONVERSION = YES_AGGRESSIVE;
				CLANG_CXX_LANGUAGE_STANDARD = "gnu++14";
				CLANG_CXX_LIBRARY = "libc++";
				CLANG_ENABLE_MODULES = YES;
				CLANG_ENABLE_OBJC_ARC = YES;
				CLANG_ENABLE_OBJC_WEAK = YES;
				CLANG_WARN_BLOCK_CAPTURE_AUTORELEASING = YES;
				CLANG_WARN_BOOL_CONVERSION = YES;
				CLANG_WARN_COMMA = YES;
				CLANG_WARN_CONSTANT_CONVERSION = YES;
				CLANG_WARN_DEPRECATED_OBJC_IMPLEMENTATIONS = YES;
				CLANG_WARN_DIRECT_OBJC_ISA_USAGE = YES_ERROR;
				CLANG_WARN_DOCUMENTATION_COMMENTS = YES;
				CLANG_WARN_EMPTY_BODY = YES;
				CLANG_WARN_ENUM_CONVERSION = YES;
				CLANG_WARN_INFINITE_RECURSION = YES;
				CLANG_WARN_INT_CONVERSION = YES;
				CLANG_WARN_NON_LITERAL_NULL_CONVERSION = YES;
				CLANG_WARN_OBJC_IMPLICIT_RETAIN_SELF = YES;
				CLANG_WARN_OBJC_LITERAL_CONVERSION = YES;
				CLANG_WARN_OBJC_ROOT_CLASS = YES_ERROR;
				CLANG_WARN_RANGE_LOOP_ANALYSIS = YES;
				CLANG_WARN_STRICT_PROTOTYPES = YES;
				CLANG_WARN_SUSPICIOUS_MOVE = YES;
				CLANG_WARN_UNGUARDED_AVAILABILITY = YES_AGGRESSIVE;
				CLANG_WARN_UNREACHABLE_CODE = YES;
				CLANG_WARN__DUPLICATE_METHOD_MATCH = YES;
				COPY_PHASE_STRIP = NO;
				DEBUG_INFORMATION_FORMAT = "dwarf-with-dsym";
				ENABLE_NS_ASSERTIONS = NO;
				ENABLE_STRICT_OBJC_MSGSEND = YES;
				GCC_C_LANGUAGE_STANDARD = gnu11;
				GCC_NO_COMMON_BLOCKS = YES;
				GCC_WARN_64_TO_32_BIT_CONVERSION = YES;
				GCC_WARN_ABOUT_RETURN_TYPE = YES_ERROR;
				GCC_WARN_UNDECLARED_SELECTOR = YES;
				GCC_WARN_UNINITIALIZED_AUTOS = YES_AGGRESSIVE;
				GCC_WARN_UNUSED_FUNCTION = YES;
				GCC_WARN_UNUSED_VARIABLE = YES;
				IPHONEOS_DEPLOYMENT_TARGET = 13.2;
				MTL_ENABLE_DEBUG_INFO = NO;
				MTL_FAST_MATH = YES;
				SDKROOT = iphoneos;
				SWIFT_COMPILATION_MODE = wholemodule;
				SWIFT_OPTIMIZATION_LEVEL = "-O";
				VALIDATE_PRODUCT = YES;
			};
			name = Release;
		};
		E95AAB0D2427F577009E3E8A /* Debug */ = {
			isa = XCBuildConfiguration;
			baseConfigurationReference = 0420C3DC54B5976C6A7FC36A /* Pods-StashTakeHome.debug.xcconfig */;
			buildSettings = {
				ASSETCATALOG_COMPILER_APPICON_NAME = AppIcon;
				CODE_SIGN_STYLE = Automatic;
				DEVELOPMENT_TEAM = 25U77HKX6R;
				INFOPLIST_FILE = StashTakeHome/Info.plist;
				LD_RUNPATH_SEARCH_PATHS = (
					"$(inherited)",
					"@executable_path/Frameworks",
				);
				PRODUCT_BUNDLE_IDENTIFIER = Seidman.StashTakeHome;
				PRODUCT_NAME = "$(TARGET_NAME)";
				SWIFT_VERSION = 5.0;
				TARGETED_DEVICE_FAMILY = "1,2";
			};
			name = Debug;
		};
		E95AAB0E2427F577009E3E8A /* Release */ = {
			isa = XCBuildConfiguration;
			baseConfigurationReference = 9D26CBC1AF7A519EB7FDE179 /* Pods-StashTakeHome.release.xcconfig */;
			buildSettings = {
				ASSETCATALOG_COMPILER_APPICON_NAME = AppIcon;
				CODE_SIGN_STYLE = Automatic;
				DEVELOPMENT_TEAM = 25U77HKX6R;
				INFOPLIST_FILE = StashTakeHome/Info.plist;
				LD_RUNPATH_SEARCH_PATHS = (
					"$(inherited)",
					"@executable_path/Frameworks",
				);
				PRODUCT_BUNDLE_IDENTIFIER = Seidman.StashTakeHome;
				PRODUCT_NAME = "$(TARGET_NAME)";
				SWIFT_VERSION = 5.0;
				TARGETED_DEVICE_FAMILY = "1,2";
			};
			name = Release;
		};
		E9E9275024280D8500989CB5 /* Debug */ = {
			isa = XCBuildConfiguration;
			baseConfigurationReference = E8DB49B229ADF46A21B63D26 /* Pods-StashTakeHomeTests.debug.xcconfig */;
			buildSettings = {
				BUNDLE_LOADER = "$(TEST_HOST)";
				CLANG_ENABLE_MODULES = YES;
				CODE_SIGN_STYLE = Automatic;
				DEVELOPMENT_TEAM = 25U77HKX6R;
				INFOPLIST_FILE = StashTakeHomeTests/Info.plist;
				LD_RUNPATH_SEARCH_PATHS = (
					"$(inherited)",
					"@executable_path/Frameworks",
					"@loader_path/Frameworks",
				);
				PRODUCT_BUNDLE_IDENTIFIER = Seidman.StashTakeHomeTests;
				PRODUCT_NAME = "$(TARGET_NAME)";
				SWIFT_OPTIMIZATION_LEVEL = "-Onone";
				SWIFT_VERSION = 5.0;
				TARGETED_DEVICE_FAMILY = "1,2";
				TEST_HOST = "$(BUILT_PRODUCTS_DIR)/StashTakeHome.app/StashTakeHome";
			};
			name = Debug;
		};
		E9E9275124280D8500989CB5 /* Release */ = {
			isa = XCBuildConfiguration;
			baseConfigurationReference = 7375CD406BDF41102E7A7C2E /* Pods-StashTakeHomeTests.release.xcconfig */;
			buildSettings = {
				BUNDLE_LOADER = "$(TEST_HOST)";
				CLANG_ENABLE_MODULES = YES;
				CODE_SIGN_STYLE = Automatic;
				DEVELOPMENT_TEAM = 25U77HKX6R;
				INFOPLIST_FILE = StashTakeHomeTests/Info.plist;
				LD_RUNPATH_SEARCH_PATHS = (
					"$(inherited)",
					"@executable_path/Frameworks",
					"@loader_path/Frameworks",
				);
				PRODUCT_BUNDLE_IDENTIFIER = Seidman.StashTakeHomeTests;
				PRODUCT_NAME = "$(TARGET_NAME)";
				SWIFT_VERSION = 5.0;
				TARGETED_DEVICE_FAMILY = "1,2";
				TEST_HOST = "$(BUILT_PRODUCTS_DIR)/StashTakeHome.app/StashTakeHome";
			};
			name = Release;
		};
/* End XCBuildConfiguration section */

/* Begin XCConfigurationList section */
		E95AAAE82427F575009E3E8A /* Build configuration list for PBXProject "StashTakeHome" */ = {
			isa = XCConfigurationList;
			buildConfigurations = (
				E95AAB0A2427F577009E3E8A /* Debug */,
				E95AAB0B2427F577009E3E8A /* Release */,
			);
			defaultConfigurationIsVisible = 0;
			defaultConfigurationName = Release;
		};
		E95AAB0C2427F577009E3E8A /* Build configuration list for PBXNativeTarget "StashTakeHome" */ = {
			isa = XCConfigurationList;
			buildConfigurations = (
				E95AAB0D2427F577009E3E8A /* Debug */,
				E95AAB0E2427F577009E3E8A /* Release */,
			);
			defaultConfigurationIsVisible = 0;
			defaultConfigurationName = Release;
		};
		E9E9274F24280D8500989CB5 /* Build configuration list for PBXNativeTarget "StashTakeHomeTests" */ = {
			isa = XCConfigurationList;
			buildConfigurations = (
				E9E9275024280D8500989CB5 /* Debug */,
				E9E9275124280D8500989CB5 /* Release */,
			);
			defaultConfigurationIsVisible = 0;
			defaultConfigurationName = Release;
		};
/* End XCConfigurationList section */
	};
	rootObject = E95AAAE52427F575009E3E8A /* Project object */;
}
